
Microsoft Visual Studio Solution File, Format Version 12.00
# Visual Studio Version 16
VisualStudioVersion = 16.0.30225.117
MinimumVisualStudioVersion = 10.0.40219.1
Project("{FAE04EC0-301F-11D3-BF4B-00C04F79EFBC}") = "FinalProject_1933112", "FinalProject_1933112\FinalProject_1933112.csproj", "{8ABD8E3C-1466-4426-8832-922E66F1A842}"
EndProject
Global
	GlobalSection(SolutionConfigurationPlatforms) = preSolution
		Debug|Any CPU = Debug|Any CPU
		Release|Any CPU = Release|Any CPU
	EndGlobalSection
	GlobalSection(ProjectConfigurationPlatforms) = postSolution
		{8ABD8E3C-1466-4426-8832-922E66F1A842}.Debug|Any CPU.ActiveCfg = Debug|Any CPU
		{8ABD8E3C-1466-4426-8832-922E66F1A842}.Debug|Any CPU.Build.0 = Debug|Any CPU
		{8ABD8E3C-1466-4426-8832-922E66F1A842}.Release|Any CPU.ActiveCfg = Release|Any CPU
		{8ABD8E3C-1466-4426-8832-922E66F1A842}.Release|Any CPU.Build.0 = Release|Any CPU
	EndGlobalSection
	GlobalSection(SolutionProperties) = preSolution
		HideSolutionNode = FALSE
	EndGlobalSection
	GlobalSection(ExtensibilityGlobals) = postSolution
		SolutionGuid = {E7FA8756-67AA-462E-B602-EA5BF1B697FC}
	EndGlobalSection
EndGlobal
